
Microsoft Visual Studio Solution File, Format Version 12.00
# Visual Studio 15
VisualStudioVersion = 15.0.36617.4
MinimumVisualStudioVersion = 10.0.40219.1
Project("{8BC9CEB8-8B4A-11D0-8D11-00A0C91BC942}") = "Estrutura_Map", "Estrutura_Map\Estrutura_Map.vcxproj", "{D456269C-D8E3-4F7D-A55B-6040F05B6274}"
EndProject
Global
	GlobalSection(SolutionConfigurationPlatforms) = preSolution
		Debug|x64 = Debug|x64
		Debug|x86 = Debug|x86
		Release|x64 = Release|x64
		Release|x86 = Release|x86
	EndGlobalSection
	GlobalSection(ProjectConfigurationPlatforms) = postSolution
		{D456269C-D8E3-4F7D-A55B-6040F05B6274}.Debug|x64.ActiveCfg = Debug|x64
		{D456269C-D8E3-4F7D-A55B-6040F05B6274}.Debug|x64.Build.0 = Debug|x64
		{D456269C-D8E3-4F7D-A55B-6040F05B6274}.Debug|x86.ActiveCfg = Debug|Win32
		{D456269C-D8E3-4F7D-A55B-6040F05B6274}.Debug|x86.Build.0 = Debug|Win32
		{D456269C-D8E3-4F7D-A55B-6040F05B6274}.Release|x64.ActiveCfg = Release|x64
		{D456269C-D8E3-4F7D-A55B-6040F05B6274}.Release|x64.Build.0 = Release|x64
		{D456269C-D8E3-4F7D-A55B-6040F05B6274}.Release|x86.ActiveCfg = Release|Win32
		{D456269C-D8E3-4F7D-A55B-6040F05B6274}.Release|x86.Build.0 = Release|Win32
	EndGlobalSection
	GlobalSection(SolutionProperties) = preSolution
		HideSolutionNode = FALSE
	EndGlobalSection
	GlobalSection(ExtensibilityGlobals) = postSolution
		SolutionGuid = {77270C7D-61DE-4F0C-95B4-BC8AC59A270B}
	EndGlobalSection
EndGlobal
